
Microsoft Visual Studio Solution File, Format Version 12.00
# Visual Studio Version 17
VisualStudioVersion = 17.0.31903.59
MinimumVisualStudioVersion = 10.0.40219.1
Project("{FAE04EC0-301F-11D3-BF4B-00C04F79EFBC}") = "UniversityAPI", "UniversityAPI\UniversityAPI.csproj", "{5858C317-3CBE-4354-810E-C4B9C53755E5}"
EndProject
Global
	GlobalSection(SolutionConfigurationPlatforms) = preSolution
		Debug|Any CPU = Debug|Any CPU
		Release|Any CPU = Release|Any CPU
	EndGlobalSection
	GlobalSection(ProjectConfigurationPlatforms) = postSolution
		{5858C317-3CBE-4354-810E-C4B9C53755E5}.Debug|Any CPU.ActiveCfg = Debug|Any CPU
		{5858C317-3CBE-4354-810E-C4B9C53755E5}.Debug|Any CPU.Build.0 = Debug|Any CPU
		{5858C317-3CBE-4354-810E-C4B9C53755E5}.Release|Any CPU.ActiveCfg = Release|Any CPU
		{5858C317-3CBE-4354-810E-C4B9C53755E5}.Release|Any CPU.Build.0 = Release|Any CPU
	EndGlobalSection
	GlobalSection(SolutionProperties) = preSolution
		HideSolutionNode = FALSE
	EndGlobalSection
	GlobalSection(ExtensibilityGlobals) = postSolution
		SolutionGuid = {84F3C1C5-400C-432E-9CAF-44A0FDE70644}
	EndGlobalSection
EndGlobal
